// !$*UTF8*$!
{
	archiveVersion = 1;
	classes = {
	};
	objectVersion = 46;
	objects = {

/* Begin PBXBuildFile section */
		AEDCDA4C1AA4E7D300F35E0B /* AppDelegate.swift in Sources */ = {isa = PBXBuildFile; fileRef = AEDCDA4B1AA4E7D300F35E0B /* AppDelegate.swift */; };
		AEDCDA4E1AA4E7D300F35E0B /* ViewController.swift in Sources */ = {isa = PBXBuildFile; fileRef = AEDCDA4D1AA4E7D300F35E0B /* ViewController.swift */; };
		AEDCDA511AA4E7D300F35E0B /* Main.storyboard in Resources */ = {isa = PBXBuildFile; fileRef = AEDCDA4F1AA4E7D300F35E0B /* Main.storyboard */; };
		AEDCDA531AA4E7D300F35E0B /* Images.xcassets in Resources */ = {isa = PBXBuildFile; fileRef = AEDCDA521AA4E7D300F35E0B /* Images.xcassets */; };
		AEDCDA561AA4E7D300F35E0B /* LaunchScreen.xib in Resources */ = {isa = PBXBuildFile; fileRef = AEDCDA541AA4E7D300F35E0B /* LaunchScreen.xib */; };
		AEDCDA621AA4E7D300F35E0B /* Photo_Search_ExampleTests.swift in Sources */ = {isa = PBXBuildFile; fileRef = AEDCDA611AA4E7D300F35E0B /* Photo_Search_ExampleTests.swift */; };
/* End PBXBuildFile section */

/* Begin PBXContainerItemProxy section */
		AEDCDA5C1AA4E7D300F35E0B /* PBXContainerItemProxy */ = {
			isa = PBXContainerItemProxy;
			containerPortal = AEDCDA3E1AA4E7D300F35E0B /* Project object */;
			proxyType = 1;
			remoteGlobalIDString = AEDCDA451AA4E7D300F35E0B;
			remoteInfo = "Photo Search Example";
		};
/* End PBXContainerItemProxy section */

/* Begin PBXFileReference section */
		AEDCDA461AA4E7D300F35E0B /* Photo Search Example.app */ = {isa = PBXFileReference; explicitFileType = wrapper.application; includeInIndex = 0; path = "Photo Search Example.app"; sourceTree = BUILT_PRODUCTS_DIR; };
		AEDCDA4A1AA4E7D300F35E0B /* Info.plist */ = {isa = PBXFileReference; lastKnownFileType = text.plist.xml; path = Info.plist; sourceTree = "<group>"; };
		AEDCDA4B1AA4E7D300F35E0B /* AppDelegate.swift */ = {isa = PBXFileReference; lastKnownFileType = sourcecode.swift; path = AppDelegate.swift; sourceTree = "<group>"; };
		AEDCDA4D1AA4E7D300F35E0B /* ViewController.swift */ = {isa = PBXFileReference; lastKnownFileType = sourcecode.swift; path = ViewController.swift; sourceTree = "<group>"; };
		AEDCDA501AA4E7D300F35E0B /* Base */ = {isa = PBXFileReference; lastKnownFileType = file.storyboard; name = Base; path = Base.lproj/Main.storyboard; sourceTree = "<group>"; };
		AEDCDA521AA4E7D300F35E0B /* Images.xcassets */ = {isa = PBXFileReference; lastKnownFileType = folder.assetcatalog; path = Images.xcassets; sourceTree = "<group>"; };
		AEDCDA551AA4E7D300F35E0B /* Base */ = {isa = PBXFileReference; lastKnownFileType = file.xib; name = Base; path = Base.lproj/LaunchScreen.xib; sourceTree = "<group>"; };
		AEDCDA5B1AA4E7D300F35E0B /* Photo Search ExampleTests.xctest */ = {isa = PBXFileReference; explicitFileType = wrapper.cfbundle; includeInIndex = 0; path = "Photo Search ExampleTests.xctest"; sourceTree = BUILT_PRODUCTS_DIR; };
		AEDCDA601AA4E7D300F35E0B /* Info.plist */ = {isa = PBXFileReference; lastKnownFileType = text.plist.xml; path = Info.plist; sourceTree = "<group>"; };
		AEDCDA611AA4E7D300F35E0B /* Photo_Search_ExampleTests.swift */ = {isa = PBXFileReference; lastKnownFileType = sourcecode.swift; path = Photo_Search_ExampleTests.swift; sourceTree = "<group>"; };
/* End PBXFileReference section */

/* Begin PBXFrameworksBuildPhase section */
		AEDCDA431AA4E7D300F35E0B /* Frameworks */ = {
			isa = PBXFrameworksBuildPhase;
			buildActionMask = 2147483647;
			files = (
			);
			runOnlyForDeploymentPostprocessing = 0;
		};
		AEDCDA581AA4E7D300F35E0B /* Frameworks */ = {
			isa = PBXFrameworksBuildPhase;
			buildActionMask = 2147483647;
			files = (
			);
			runOnlyForDeploymentPostprocessing = 0;
		};
/* End PBXFrameworksBuildPhase section */

/* Begin PBXGroup section */
		AEDCDA3D1AA4E7D300F35E0B = {
			isa = PBXGroup;
			children = (
				AEDCDA481AA4E7D300F35E0B /* Photo Search Example */,
				AEDCDA5E1AA4E7D300F35E0B /* Photo Search ExampleTests */,
				AEDCDA471AA4E7D300F35E0B /* Products */,
			);
			sourceTree = "<group>";
		};
		AEDCDA471AA4E7D300F35E0B /* Products */ = {
			isa = PBXGroup;
			children = (
				AEDCDA461AA4E7D300F35E0B /* Photo Search Example.app */,
				AEDCDA5B1AA4E7D300F35E0B /* Photo Search ExampleTests.xctest */,
			);
			name = Products;
			sourceTree = "<group>";
		};
		AEDCDA481AA4E7D300F35E0B /* Photo Search Example */ = {
			isa = PBXGroup;
			children = (
				AEDCDA4B1AA4E7D300F35E0B /* AppDelegate.swift */,
				AEDCDA4D1AA4E7D300F35E0B /* ViewController.swift */,
				AEDCDA4F1AA4E7D300F35E0B /* Main.storyboard */,
				AEDCDA521AA4E7D300F35E0B /* Images.xcassets */,
				AEDCDA541AA4E7D300F35E0B /* LaunchScreen.xib */,
				AEDCDA491AA4E7D300F35E0B /* Supporting Files */,
			);
			path = "Photo Search Example";
			sourceTree = "<group>";
		};
		AEDCDA491AA4E7D300F35E0B /* Supporting Files */ = {
			isa = PBXGroup;
			children = (
				AEDCDA4A1AA4E7D300F35E0B /* Info.plist */,
			);
			name = "Supporting Files";
			sourceTree = "<group>";
		};
		AEDCDA5E1AA4E7D300F35E0B /* Photo Search ExampleTests */ = {
			isa = PBXGroup;
			children = (
				AEDCDA611AA4E7D300F35E0B /* Photo_Search_ExampleTests.swift */,
				AEDCDA5F1AA4E7D300F35E0B /* Supporting Files */,
			);
			path = "Photo Search ExampleTests";
			sourceTree = "<group>";
		};
		AEDCDA5F1AA4E7D300F35E0B /* Supporting Files */ = {
			isa = PBXGroup;
			children = (
				AEDCDA601AA4E7D300F35E0B /* Info.plist */,
			);
			name = "Supporting Files";
			sourceTree = "<group>";
		};
/* End PBXGroup section */

/* Begin PBXNativeTarget section */
		AEDCDA451AA4E7D300F35E0B /* Photo Search Example */ = {
			isa = PBXNativeTarget;
			buildConfigurationList = AEDCDA651AA4E7D300F35E0B /* Build configuration list for PBXNativeTarget "Photo Search Example" */;
			buildPhases = (
				AEDCDA421AA4E7D300F35E0B /* Sources */,
				AEDCDA431AA4E7D300F35E0B /* Frameworks */,
				AEDCDA441AA4E7D300F35E0B /* Resources */,
			);
			buildRules = (
			);
			dependencies = (
			);
			name = "Photo Search Example";
			productName = "Photo Search Example";
			productReference = AEDCDA461AA4E7D300F35E0B /* Photo Search Example.app */;
			productType = "com.apple.product-type.application";
		};
		AEDCDA5A1AA4E7D300F35E0B /* Photo Search ExampleTests */ = {
			isa = PBXNativeTarget;
			buildConfigurationList = AEDCDA681AA4E7D300F35E0B /* Build configuration list for PBXNativeTarget "Photo Search ExampleTests" */;
			buildPhases = (
				AEDCDA571AA4E7D300F35E0B /* Sources */,
				AEDCDA581AA4E7D300F35E0B /* Frameworks */,
				AEDCDA591AA4E7D300F35E0B /* Resources */,
			);
			buildRules = (
			);
			dependencies = (
				AEDCDA5D1AA4E7D300F35E0B /* PBXTargetDependency */,
			);
			name = "Photo Search ExampleTests";
			productName = "Photo Search ExampleTests";
			productReference = AEDCDA5B1AA4E7D300F35E0B /* Photo Search ExampleTests.xctest */;
			productType = "com.apple.product-type.bundle.unit-test";
		};
/* End PBXNativeTarget section */

/* Begin PBXProject section */
		AEDCDA3E1AA4E7D300F35E0B /* Project object */ = {
			isa = PBXProject;
			attributes = {
				LastUpgradeCheck = 0610;
				ORGANIZATIONNAME = Thinkful;
				TargetAttributes = {
					AEDCDA451AA4E7D300F35E0B = {
						CreatedOnToolsVersion = 6.1.1;
					};
					AEDCDA5A1AA4E7D300F35E0B = {
						CreatedOnToolsVersion = 6.1.1;
						TestTargetID = AEDCDA451AA4E7D300F35E0B;
					};
				};
			};
			buildConfigurationList = AEDCDA411AA4E7D300F35E0B /* Build configuration list for PBXProject "Photo Search Example" */;
			compatibilityVersion = "Xcode 3.2";
			developmentRegion = English;
			hasScannedForEncodings = 0;
			knownRegions = (
				en,
				Base,
			);
			mainGroup = AEDCDA3D1AA4E7D300F35E0B;
			productRefGroup = AEDCDA471AA4E7D300F35E0B /* Products */;
			projectDirPath = "";
			projectRoot = "";
			targets = (
				AEDCDA451AA4E7D300F35E0B /* Photo Search Example */,
				AEDCDA5A1AA4E7D300F35E0B /* Photo Search ExampleTests */,
			);
		};
/* End PBXProject section */

/* Begin PBXResourcesBuildPhase section */
		AEDCDA441AA4E7D300F35E0B /* Resources */ = {
			isa = PBXResourcesBuildPhase;
			buildActionMask = 2147483647;
			files = (
				AEDCDA511AA4E7D300F35E0B /* Main.storyboard in Resources */,
				AEDCDA561AA4E7D300F35E0B /* LaunchScreen.xib in Resources */,
				AEDCDA531AA4E7D300F35E0B /* Images.xcassets in Resources */,
			);
			runOnlyForDeploymentPostprocessing = 0;
		};
		AEDCDA591AA4E7D300F35E0B /* Resources */ = {
			isa = PBXResourcesBuildPhase;
			buildActionMask = 2147483647;
			files = (
			);
			runOnlyForDeploymentPostprocessing = 0;
		};
/* End PBXResourcesBuildPhase section */

/* Begin PBXSourcesBuildPhase section */
		AEDCDA421AA4E7D300F35E0B /* Sources */ = {
			isa = PBXSourcesBuildPhase;
			buildActionMask = 2147483647;
			files = (
				AEDCDA4E1AA4E7D300F35E0B /* ViewController.swift in Sources */,
				AEDCDA4C1AA4E7D300F35E0B /* AppDelegate.swift in Sources */,
			);
			runOnlyForDeploymentPostprocessing = 0;
		};
		AEDCDA571AA4E7D300F35E0B /* Sources */ = {
			isa = PBXSourcesBuildPhase;
			buildActionMask = 2147483647;
			files = (
				AEDCDA621AA4E7D300F35E0B /* Photo_Search_ExampleTests.swift in Sources */,
			);
			runOnlyForDeploymentPostprocessing = 0;
		};
/* End PBXSourcesBuildPhase section */

/* Begin PBXTargetDependency section */
		AEDCDA5D1AA4E7D300F35E0B /* PBXTargetDependency */ = {
			isa = PBXTargetDependency;
			target = AEDCDA451AA4E7D300F35E0B /* Photo Search Example */;
			targetProxy = AEDCDA5C1AA4E7D300F35E0B /* PBXContainerItemProxy */;
		};
/* End PBXTargetDependency section */

/* Begin PBXVariantGroup section */
		AEDCDA4F1AA4E7D300F35E0B /* Main.storyboard */ = {
			isa = PBXVariantGroup;
			children = (
				AEDCDA501AA4E7D300F35E0B /* Base */,
			);
			name = Main.storyboard;
			sourceTree = "<group>";
		};
		AEDCDA541AA4E7D300F35E0B /* LaunchScreen.xib */ = {
			isa = PBXVariantGroup;
			children = (
				AEDCDA551AA4E7D300F35E0B /* Base */,
			);
			name = LaunchScreen.xib;
			sourceTree = "<group>";
		};
/* End PBXVariantGroup section */

/* Begin XCBuildConfiguration section */
		AEDCDA631AA4E7D300F35E0B /* Debug */ = {
			isa = XCBuildConfiguration;
			buildSettings = {
				ALWAYS_SEARCH_USER_PATHS = NO;
				CLANG_CXX_LANGUAGE_STANDARD = "gnu++0x";
				CLANG_CXX_LIBRARY = "libc++";
				CLANG_ENABLE_MODULES = YES;
				CLANG_ENABLE_OBJC_ARC = YES;
				CLANG_WARN_BOOL_CONVERSION = YES;
				CLANG_WARN_CONSTANT_CONVERSION = YES;
				CLANG_WARN_DIRECT_OBJC_ISA_USAGE = YES_ERROR;
				CLANG_WARN_EMPTY_BODY = YES;
				CLANG_WARN_ENUM_CONVERSION = YES;
				CLANG_WARN_INT_CONVERSION = YES;
				CLANG_WARN_OBJC_ROOT_CLASS = YES_ERROR;
				CLANG_WARN_UNREACHABLE_CODE = YES;
				CLANG_WARN__DUPLICATE_METHOD_MATCH = YES;
				"CODE_SIGN_IDENTITY[sdk=iphoneos*]" = "iPhone Developer";
				COPY_PHASE_STRIP = NO;
				ENABLE_STRICT_OBJC_MSGSEND = YES;
				GCC_C_LANGUAGE_STANDARD = gnu99;
				GCC_DYNAMIC_NO_PIC = NO;
				GCC_OPTIMIZATION_LEVEL = 0;
				GCC_PREPROCESSOR_DEFINITIONS = (
					"DEBUG=1",
					"$(inherited)",
				);
				GCC_SYMBOLS_PRIVATE_EXTERN = NO;
				GCC_WARN_64_TO_32_BIT_CONVERSION = YES;
				GCC_WARN_ABOUT_RETURN_TYPE = YES_ERROR;
				GCC_WARN_UNDECLARED_SELECTOR = YES;
				GCC_WARN_UNINITIALIZED_AUTOS = YES_AGGRESSIVE;
				GCC_WARN_UNUSED_FUNCTION = YES;
				GCC_WARN_UNUSED_VARIABLE = YES;
				IPHONEOS_DEPLOYMENT_TARGET = 8.1;
				MTL_ENABLE_DEBUG_INFO = YES;
				ONLY_ACTIVE_ARCH = YES;
				SDKROOT = iphoneos;
				SWIFT_OPTIMIZATION_LEVEL = "-Onone";
				TARGETED_DEVICE_FAMILY = "1,2";
			};
			name = Debug;
		};
		AEDCDA641AA4E7D300F35E0B /* Release */ = {
			isa = XCBuildConfiguration;
			buildSettings = {
				ALWAYS_SEARCH_USER_PATHS = NO;
				CLANG_CXX_LANGUAGE_STANDARD = "gnu++0x";
				CLANG_CXX_LIBRARY = "libc++";
				CLANG_ENABLE_MODULES = YES;
				CLANG_ENABLE_OBJC_ARC = YES;
				CLANG_WARN_BOOL_CONVERSION = YES;
				CLANG_WARN_CONSTANT_CONVERSION = YES;
				CLANG_WARN_DIRECT_OBJC_ISA_USAGE = YES_ERROR;
				CLANG_WARN_EMPTY_BODY = YES;
				CLANG_WARN_ENUM_CONVERSION = YES;
				CLANG_WARN_INT_CONVERSION = YES;
				CLANG_WARN_OBJC_ROOT_CLASS = YES_ERROR;
				CLANG_WARN_UNREACHABLE_CODE = YES;
				CLANG_WARN__DUPLICATE_METHOD_MATCH = YES;
				"CODE_SIGN_IDENTITY[sdk=iphoneos*]" = "iPhone Developer";
				COPY_PHASE_STRIP = YES;
				ENABLE_NS_ASSERTIONS = NO;
				ENABLE_STRICT_OBJC_MSGSEND = YES;
				GCC_C_LANGUAGE_STANDARD = gnu99;
				GCC_WARN_64_TO_32_BIT_CONVERSION = YES;
				GCC_WARN_ABOUT_RETURN_TYPE = YES_ERROR;
				GCC_WARN_UNDECLARED_SELECTOR = YES;
				GCC_WARN_UNINITIALIZED_AUTOS = YES_AGGRESSIVE;
				GCC_WARN_UNUSED_FUNCTION = YES;
				GCC_WARN_UNUSED_VARIABLE = YES;
				IPHONEOS_DEPLOYMENT_TARGET = 8.1;
				MTL_ENABLE_DEBUG_INFO = NO;
				SDKROOT = iphoneos;
				TARGETED_DEVICE_FAMILY = "1,2";
				VALIDATE_PRODUCT = YES;
			};
			name = Release;
		};
		AEDCDA661AA4E7D300F35E0B /* Debug */ = {
			isa = XCBuildConfiguration;
			buildSettings = {
				ASSETCATALOG_COMPILER_APPICON_NAME = AppIcon;
				INFOPLIST_FILE = "Photo Search Example/Info.plist";
				LD_RUNPATH_SEARCH_PATHS = "$(inherited) @executable_path/Frameworks";
				PRODUCT_NAME = "$(TARGET_NAME)";
			};
			name = Debug;
		};
		AEDCDA671AA4E7D300F35E0B /* Release */ = {
			isa = XCBuildConfiguration;
			buildSettings = {
				ASSETCATALOG_COMPILER_APPICON_NAME = AppIcon;
				INFOPLIST_FILE = "Photo Search Example/Info.plist";
				LD_RUNPATH_SEARCH_PATHS = "$(inherited) @executable_path/Frameworks";
				PRODUCT_NAME = "$(TARGET_NAME)";
			};
			name = Release;
		};
		AEDCDA691AA4E7D300F35E0B /* Debug */ = {
			isa = XCBuildConfiguration;
			buildSettings = {
				BUNDLE_LOADER = "$(TEST_HOST)";
				FRAMEWORK_SEARCH_PATHS = (
					"$(SDKROOT)/Developer/Library/Frameworks",
					"$(inherited)",
				);
				GCC_PREPROCESSOR_DEFINITIONS = (
					"DEBUG=1",
					"$(inherited)",
				);
				INFOPLIST_FILE = "Photo Search ExampleTests/Info.plist";
				LD_RUNPATH_SEARCH_PATHS = "$(inherited) @executable_path/Frameworks @loader_path/Frameworks";
				PRODUCT_NAME = "$(TARGET_NAME)";
				TEST_HOST = "$(BUILT_PRODUCTS_DIR)/Photo Search Example.app/Photo Search Example";
			};
			name = Debug;
		};
		AEDCDA6A1AA4E7D300F35E0B /* Release */ = {
			isa = XCBuildConfiguration;
			buildSettings = {
				BUNDLE_LOADER = "$(TEST_HOST)";
				FRAMEWORK_SEARCH_PATHS = (
					"$(SDKROOT)/Developer/Library/Frameworks",
					"$(inherited)",
				);
				INFOPLIST_FILE = "Photo Search ExampleTests/Info.plist";
				LD_RUNPATH_SEARCH_PATHS = "$(inherited) @executable_path/Frameworks @loader_path/Frameworks";
				PRODUCT_NAME = "$(TARGET_NAME)";
				TEST_HOST = "$(BUILT_PRODUCTS_DIR)/Photo Search Example.app/Photo Search Example";
			};
			name = Release;
		};
/* End XCBuildConfiguration section */

/* Begin XCConfigurationList section */
		AEDCDA411AA4E7D300F35E0B /* Build configuration list for PBXProject "Photo Search Example" */ = {
			isa = XCConfigurationList;
			buildConfigurations = (
				AEDCDA631AA4E7D300F35E0B /* Debug */,
				AEDCDA641AA4E7D300F35E0B /* Release */,
			);
			defaultConfigurationIsVisible = 0;
			defaultConfigurationName = Release;
		};
		AEDCDA651AA4E7D300F35E0B /* Build configuration list for PBXNativeTarget "Photo Search Example" */ = {
			isa = XCConfigurationList;
			buildConfigurations = (
				AEDCDA661AA4E7D300F35E0B /* Debug */,
				AEDCDA671AA4E7D300F35E0B /* Release */,
			);
			defaultConfigurationIsVisible = 0;
		};
		AEDCDA681AA4E7D300F35E0B /* Build configuration list for PBXNativeTarget "Photo Search ExampleTests" */ = {
			isa = XCConfigurationList;
			buildConfigurations = (
				AEDCDA691AA4E7D300F35E0B /* Debug */,
				AEDCDA6A1AA4E7D300F35E0B /* Release */,
			);
			defaultConfigurationIsVisible = 0;
		};
/* End XCConfigurationList section */
	};
	rootObject = AEDCDA3E1AA4E7D300F35E0B /* Project object */;
}
